
Microsoft Visual Studio Solution File, Format Version 12.00
# Visual Studio Version 17
VisualStudioVersion = 17.6.33723.286
MinimumVisualStudioVersion = 10.0.40219.1
Project("{FAE04EC0-301F-11D3-BF4B-00C04F79EFBC}") = "NLayer.Core", "NLayer.Core\NLayer.Core.csproj", "{736BE3EC-3FA1-449D-AD85-85197AF6A235}"
EndProject
Project("{FAE04EC0-301F-11D3-BF4B-00C04F79EFBC}") = "NLayer.Repository", "NLayer.Repository\NLayer.Repository.csproj", "{678C71DE-8D43-4276-A914-B206C63E35D9}"
EndProject
Project("{FAE04EC0-301F-11D3-BF4B-00C04F79EFBC}") = "NLayer.Service", "NLayer.Service\NLayer.Service.csproj", "{70925DA2-435A-457A-BF09-8FA09005EABE}"
EndProject
Project("{FAE04EC0-301F-11D3-BF4B-00C04F79EFBC}") = "NLayer.API", "NLayer.API\NLayer.API.csproj", "{9956793C-63A4-4FF7-8E85-0AB6C3E17394}"
EndProject
Project("{FAE04EC0-301F-11D3-BF4B-00C04F79EFBC}") = "NLayer.Web", "NLayer.Web\NLayer.Web.csproj", "{A0899DA6-CCDC-45AC-9C9E-A544431C684D}"
EndProject
Project("{FAE04EC0-301F-11D3-BF4B-00C04F79EFBC}") = "NLayer.Caching", "NLayer.Caching\NLayer.Caching.csproj", "{CA3A39C6-19C4-4247-B6AA-86160C79756B}"
EndProject
Global
	GlobalSection(SolutionConfigurationPlatforms) = preSolution
		Debug|Any CPU = Debug|Any CPU
		Release|Any CPU = Release|Any CPU
	EndGlobalSection
	GlobalSection(ProjectConfigurationPlatforms) = postSolution
		{736BE3EC-3FA1-449D-AD85-85197AF6A235}.Debug|Any CPU.ActiveCfg = Debug|Any CPU
		{736BE3EC-3FA1-449D-AD85-85197AF6A235}.Debug|Any CPU.Build.0 = Debug|Any CPU
		{736BE3EC-3FA1-449D-AD85-85197AF6A235}.Release|Any CPU.ActiveCfg = Release|Any CPU
		{736BE3EC-3FA1-449D-AD85-85197AF6A235}.Release|Any CPU.Build.0 = Release|Any CPU
		{678C71DE-8D43-4276-A914-B206C63E35D9}.Debug|Any CPU.ActiveCfg = Debug|Any CPU
		{678C71DE-8D43-4276-A914-B206C63E35D9}.Debug|Any CPU.Build.0 = Debug|Any CPU
		{678C71DE-8D43-4276-A914-B206C63E35D9}.Release|Any CPU.ActiveCfg = Release|Any CPU
		{678C71DE-8D43-4276-A914-B206C63E35D9}.Release|Any CPU.Build.0 = Release|Any CPU
		{70925DA2-435A-457A-BF09-8FA09005EABE}.Debug|Any CPU.ActiveCfg = Debug|Any CPU
		{70925DA2-435A-457A-BF09-8FA09005EABE}.Debug|Any CPU.Build.0 = Debug|Any CPU
		{70925DA2-435A-457A-BF09-8FA09005EABE}.Release|Any CPU.ActiveCfg = Release|Any CPU
		{70925DA2-435A-457A-BF09-8FA09005EABE}.Release|Any CPU.Build.0 = Release|Any CPU
		{9956793C-63A4-4FF7-8E85-0AB6C3E17394}.Debug|Any CPU.ActiveCfg = Debug|Any CPU
		{9956793C-63A4-4FF7-8E85-0AB6C3E17394}.Debug|Any CPU.Build.0 = Debug|Any CPU
		{9956793C-63A4-4FF7-8E85-0AB6C3E17394}.Release|Any CPU.ActiveCfg = Release|Any CPU
		{9956793C-63A4-4FF7-8E85-0AB6C3E17394}.Release|Any CPU.Build.0 = Release|Any CPU
		{A0899DA6-CCDC-45AC-9C9E-A544431C684D}.Debug|Any CPU.ActiveCfg = Debug|Any CPU
		{A0899DA6-CCDC-45AC-9C9E-A544431C684D}.Debug|Any CPU.Build.0 = Debug|Any CPU
		{A0899DA6-CCDC-45AC-9C9E-A544431C684D}.Release|Any CPU.ActiveCfg = Release|Any CPU
		{A0899DA6-CCDC-45AC-9C9E-A544431C684D}.Release|Any CPU.Build.0 = Release|Any CPU
		{CA3A39C6-19C4-4247-B6AA-86160C79756B}.Debug|Any CPU.ActiveCfg = Debug|Any CPU
		{CA3A39C6-19C4-4247-B6AA-86160C79756B}.Debug|Any CPU.Build.0 = Debug|Any CPU
		{CA3A39C6-19C4-4247-B6AA-86160C79756B}.Release|Any CPU.ActiveCfg = Release|Any CPU
		{CA3A39C6-19C4-4247-B6AA-86160C79756B}.Release|Any CPU.Build.0 = Release|Any CPU
	EndGlobalSection
	GlobalSection(SolutionProperties) = preSolution
		HideSolutionNode = FALSE
	EndGlobalSection
	GlobalSection(ExtensibilityGlobals) = postSolution
		SolutionGuid = {CDF50402-7E51-45ED-9049-7658B19A3AE9}
	EndGlobalSection
EndGlobal
